
Microsoft Visual Studio Solution File, Format Version 12.00
# Visual Studio Version 17
VisualStudioVersion = 17.12.35527.113
MinimumVisualStudioVersion = 10.0.40219.1
Project("{9A19103F-16F7-4668-BE54-9A1E7A4F7556}") = "Maboroshi.Web", "Maboroshi.Web\Maboroshi.Web.csproj", "{F93CBA17-16BF-427D-B1BA-B85D13E84DE4}"
EndProject
Project("{2150E333-8FDC-42A3-9474-1A3956D46DE8}") = "tests", "tests", "{DCF42B29-10A4-40A7-BC42-655C381E90D0}"
EndProject
Project("{9A19103F-16F7-4668-BE54-9A1E7A4F7556}") = "Maboroshi.UnitTests", "Maboroshi.UnitTests\Maboroshi.UnitTests.csproj", "{00E35FBF-AC8A-4FC1-9BE7-A3BF15A76EC6}"
EndProject
Project("{9A19103F-16F7-4668-BE54-9A1E7A4F7556}") = "Maboroshi.TemplateEngine", "Maboroshi.TemplateEngine\Maboroshi.TemplateEngine.csproj", "{E03E35E7-01D0-422A-8C4B-2F9790A6830F}"
EndProject
Project("{9A19103F-16F7-4668-BE54-9A1E7A4F7556}") = "Maboroshi.TemplateEngine.UnitTests", "Maboroshi.TemplateEngine.UnitTests\Maboroshi.TemplateEngine.UnitTests.csproj", "{49BA1951-87F2-4CBC-8AF3-F91A09AD4909}"
EndProject
Project("{54A90642-561A-4BB1-A94E-469ADEE60C69}") = "maboroshi.reactclient", "Maboroshi.ReactClient\maboroshi.reactclient.esproj", "{56788444-13E1-9D7E-2940-9C360CED7B92}"
EndProject
Global
	GlobalSection(SolutionConfigurationPlatforms) = preSolution
		Debug|Any CPU = Debug|Any CPU
		Release|Any CPU = Release|Any CPU
	EndGlobalSection
	GlobalSection(ProjectConfigurationPlatforms) = postSolution
		{F93CBA17-16BF-427D-B1BA-B85D13E84DE4}.Debug|Any CPU.ActiveCfg = Debug|Any CPU
		{F93CBA17-16BF-427D-B1BA-B85D13E84DE4}.Debug|Any CPU.Build.0 = Debug|Any CPU
		{F93CBA17-16BF-427D-B1BA-B85D13E84DE4}.Release|Any CPU.ActiveCfg = Release|Any CPU
		{F93CBA17-16BF-427D-B1BA-B85D13E84DE4}.Release|Any CPU.Build.0 = Release|Any CPU
		{00E35FBF-AC8A-4FC1-9BE7-A3BF15A76EC6}.Debug|Any CPU.ActiveCfg = Debug|Any CPU
		{00E35FBF-AC8A-4FC1-9BE7-A3BF15A76EC6}.Debug|Any CPU.Build.0 = Debug|Any CPU
		{00E35FBF-AC8A-4FC1-9BE7-A3BF15A76EC6}.Release|Any CPU.ActiveCfg = Release|Any CPU
		{00E35FBF-AC8A-4FC1-9BE7-A3BF15A76EC6}.Release|Any CPU.Build.0 = Release|Any CPU
		{E03E35E7-01D0-422A-8C4B-2F9790A6830F}.Debug|Any CPU.ActiveCfg = Debug|Any CPU
		{E03E35E7-01D0-422A-8C4B-2F9790A6830F}.Debug|Any CPU.Build.0 = Debug|Any CPU
		{E03E35E7-01D0-422A-8C4B-2F9790A6830F}.Release|Any CPU.ActiveCfg = Release|Any CPU
		{E03E35E7-01D0-422A-8C4B-2F9790A6830F}.Release|Any CPU.Build.0 = Release|Any CPU
		{49BA1951-87F2-4CBC-8AF3-F91A09AD4909}.Debug|Any CPU.ActiveCfg = Debug|Any CPU
		{49BA1951-87F2-4CBC-8AF3-F91A09AD4909}.Debug|Any CPU.Build.0 = Debug|Any CPU
		{49BA1951-87F2-4CBC-8AF3-F91A09AD4909}.Release|Any CPU.ActiveCfg = Release|Any CPU
		{49BA1951-87F2-4CBC-8AF3-F91A09AD4909}.Release|Any CPU.Build.0 = Release|Any CPU
		{56788444-13E1-9D7E-2940-9C360CED7B92}.Debug|Any CPU.ActiveCfg = Debug|Any CPU
		{56788444-13E1-9D7E-2940-9C360CED7B92}.Debug|Any CPU.Build.0 = Debug|Any CPU
		{56788444-13E1-9D7E-2940-9C360CED7B92}.Debug|Any CPU.Deploy.0 = Debug|Any CPU
		{56788444-13E1-9D7E-2940-9C360CED7B92}.Release|Any CPU.ActiveCfg = Release|Any CPU
		{56788444-13E1-9D7E-2940-9C360CED7B92}.Release|Any CPU.Build.0 = Release|Any CPU
		{56788444-13E1-9D7E-2940-9C360CED7B92}.Release|Any CPU.Deploy.0 = Release|Any CPU
	EndGlobalSection
	GlobalSection(SolutionProperties) = preSolution
		HideSolutionNode = FALSE
	EndGlobalSection
	GlobalSection(NestedProjects) = preSolution
		{00E35FBF-AC8A-4FC1-9BE7-A3BF15A76EC6} = {DCF42B29-10A4-40A7-BC42-655C381E90D0}
		{49BA1951-87F2-4CBC-8AF3-F91A09AD4909} = {DCF42B29-10A4-40A7-BC42-655C381E90D0}
	EndGlobalSection
	GlobalSection(ExtensibilityGlobals) = postSolution
		SolutionGuid = {8E743FF1-035A-46ED-9ED6-26FA5E351EF0}
	EndGlobalSection
EndGlobal
